github.com/gin-gonic/gin v1.9.1 h1:4idEAncQnU5cB7BeIaB3DQd+IIJ+ePCQVYcMOH0Mdo=
github.com/gin-gonic/gin v1.9.1/go.mod h1:qwPWnhz6pn0nkwQULwUvvNQVxeRNK2K73d5a8M3YY=
github.com/gorilla/websocket v1.5.0 h1:PPwGk2jz7EePLmqUZq42u3NN61XjCo51KP7VlC3B3c=
github.com/gorilla/websocket v1.5.0/go.mod h1:YR8l1HmueY7z+9kopIJ+gInWi9RWk4Brw+UvkO4K8=
github.com/google/uuid v1.5.0 h1:1mNP67kR1xKREZKVt8gLlp5CUV5nvnPEPwgjvr9eY=
github.com/google/uuid v1.5.0/go.mod h1:TIyPZe4MgqvfeYDBFedMoGkdin51Ntc/YNK3dXBBeI=
github.com/lib/pq v1.10.9 h1:YXG7RB+JIjhP29X+OtkiDnYaXQsRKpEtvD7vtqVIe=
github.com/lib/pq v1.10.9/go.mod h1:AlVSvNtnSGdCvqC4I6XUYbCFJ0IIJgJxRCXn6b5kA=
github.com/redis/go-redis/v9 v9.3.0 h1:3M/lfKftMXhBfqVlpUSfGhHmfTHNXYMh7fzNbLYN1s=
github.com/redis/go-redis/v9 v9.3.0/go.mod h1:hdY0cQFCN4fnSYmD3J4oqrla7ZcvTa7APXIqnada34=
github.com/jmoiron/sqlx v1.3.5 h1:vFFPA71p1o5gAeqtEAwLU4dnX2napprKtHr7PYIcN8=
github.com/jmoiron/sqlx v1.3.5/go.mod h1:nRVWtLre0KfCLJTqxJ0xLupX+rZvO9+N2rRp7BoJI=
github.com/go-sql-driver/mysql v1.7.1 h1:lUIinVbN1DY0xIg0qi+xZRL7Lr1VKawvyLWATvAqba=
github.com/go-sql-driver/mysql v1.7.1/go.mod h1:OXbVy3sEdcQDrn1eVk3XzMCKL5Y+cK8ODTnqY6kjU=
github.com/prometheus/client_golang v1.18.0 h1:HzFfmkOzH5Q8L8G+kSJKUx5dtG87g8gpYeCJ7OqDMw=
github.com/prometheus/client_golang v1.18.0/go.mod h1:T+GXkCk5wSJyks4d2Y6sA7bstuV7XslhSogWayxjqY=
github.com/stretchr/testify v1.8.4 h1:CcVxjf3Q8zt4mmFEIj+K9gqQ8K6VbtMwYsBbqEGyaM=
github.com/stretchr/testify v1.8.4/go.mod h1:sz/wgYaLkPNqrqmL5dtQvaLNTQXXNZZ9V2HxAuRzrs=
go.uber.org/zap v1.26.0 h1:sI7k6L95XOKS281NrrzGm0GYTQc7r90rIruWV5IWvQ=
go.uber.org/zap v1.26.0/go.mod h1:dtElZfYp/ms+uBrpHc9KrSLjLQKDcueoIvy6DLqCI=
go.opentelemetry.io/otel v1.21.0 h1:hWj0KMQQ7u+CjucELs/CoPgP7hUw61m2KHXzzAmAD8=
go.opentelemetry.io/otel v1.21.0/go.mod h1:QZfyPk/warD/xVLSRpWKISTVzapMeSDOrMjxUDlOk4=
go.opentelemetry.io/otel/exporters/jaeger v1.21.0 h1:sW21Ue2VPxWgHYsAc+lv4RLcvBd28KXiHLeGHrV4k0=
go.opentelemetry.io/otel/exporters/jaeger v1.21.0/go.mod h1:9A4J+qHj8H6rXNSH3dWkiqeKUUV9zWbyRAVOUlyBg8=
go.opentelemetry.io/otel/sdk v1.21.0 h1:FTt8qirL1NWAUnnyxUp+KV4QCZc7p2yUJeVtPRWkAM=
go.opentelemetry.io/otel/sdk v1.21.0/go.mod h1:rmIlbAiYJ5r6+Yq00gMUcHGy67//2L+s0QlHHQbYfI=
go.opentelemetry.io/otel/trace v1.21.0 h1:WD9i5gkOnL7B8W8Vcem/4D8l3hQubqSDEaN2V6BSS8=
go.opentelemetry.io/otel/trace v1.21.0/go.mod h1:LG4+UtHxB8zoKIlKVQOXXzyLjIieiMxy19CIesuYEM=
google.golang.org/grpc v1.60.0 h1:6FQAR0AB5rRcM48cRZOH3g+awV4rrKpnwIfiVMTnMw=
google.golang.org/grpc v1.60.0/go.mod h1:OlCHIb+10HbjoyIBYV/DFSZe2T+D4540/jL+i32xLU=
google.golang.org/protobuf v1.32.0 h1:pPC6BG5ex8PDFvVUL1LLF0zjpUfdVjYEY/sBCiSvzQ=
google.golang.org/protobuf v1.32.0/go.mod h1:c6P6WCHZF2dBsS/FoPg6ImeZjZX9/+u1FwbDqwlo0=
github.com/golang-jwt/jwt/v5 v5.1.0 h1:UGKbH1TAcqJEy9gvnOncvIh1BTLelKpc7nrDwithout=
github.com/golang-jwt/jwt/v5 v5.1.0/go.mod h1:pqrtFR0X4osieyHYxtqeBC1D5dEwrNmIccEIacwO6k=
github.com/joho/godotenv v1.5.1 h1:7NXeKwlOn7B1iN0xwUCYeiLc3tOHfsHS2LFHF51SjQ=
github.com/joho/godotenv v1.5.1/go.mod h1:f4LDr5Voq0i2e/R5DDNOoa2zzDfwtkZa6DxwEWavI=
github.com/nats-io/nats.go v1.31.0 h1:qJ90Cuykvz2qXEyMGEfRBG0GgJozY1F7g+FiGvXUvw=
github.com/nats-io/nats.go v1.31.0/go.mod h1:di3Bm5MLsoUCmDyc9fFvl/B8Lg2feW0mPI857o+Ks0=
github.com/grpc-ecosystem/go-grpc-middleware v1.4.0 h1:UH//fvNpvjpLJSN7mU5iYASmyVUv8Lj1fakdVxIcZ4=
github.com/grpc-ecosystem/go-grpc-middleware v1.4.0/go.mod h1:g5qyo/la0MLuxuSLd3YC3jaamrWyhejNCqP23miNm0=
gopkg.in/yaml.v2 v2.4.0 h1:D8xgwECY7CYvx+Y2n4sBz23Extme+RwxnZtre4GEGw=
gopkg.in/yaml.v2 v2.4.0/go.mod h1:RDklbk4fVDdn7MacojBT2d7KA0MvuAWZDo4JWmCJ0=
github.com/cespare/xxhash/v2 v2.2.0 h1:DC2jUQSDcL+zH9Z8f7g8wS6C+3x43w58V0fIdcd4X4=
github.com/cespare/xxhash/v2 v2.2.0/go.mod h1:VGX0DQ3Q6Gist3IzuySD9ucPm/1RVfP7fp0zkP4Wyc=
github.com/dgryski/go-rendezvous v0.0.0-20200823014737-9f7001d12a5f h1:lO4WD4D/dATupoCkO/B/8Zo3LhebN+LUjIj+S4rvI8=
github.com/dgryski/go-rendezvous v0.0.0-20200823014737-9f7001d12a5f/go.mod h1:uNxQaSMcHVrpiGrgAnXwVYNBeOFcd7M1csTvy7MmQ5=
github.com/go-logr/logr v1.3.0 h1:2y3SDp42khFIsWJlw8xw5ktvboOpT3FROIB3c5XSVQ=
github.com/go-logr/logr v1.3.0/go.mod h1:9T104GzyrTigFIr8wt5mBrctHMwwACUcBT/0LEYw6s=
github.com/go-logr/stdr v1.2.2 h1:hSWxHoqTgW2S2qGc67DGJsLniV2dibQuyBVT1nrHAww==
github.com/go-logr/stdr v1.2.2/go.mod h1:mMo+tLW9PbIqNn37wUtXqJmwAtrumlDLNsgN1le0hE=
github.com/golang/protobuf v1.5.3 h1:KlebQ9iYJwIlGuYcyQzNT+4VCjupT+z5g70+lamHQQ=
github.com/golang/protobuf v1.5.3/go.mod h1:dxNm9hgYn8PcqyIYbcdI6MwwL4yseOfDW3cqQFqcCI=
github.com/mattn/go-isatty v0.0.20 h1:xfD0iDuEKnJXpJ6JVAWRAdJWIgyN87bNrk26g+8Frg=
github.com/mattn/go-isatty v0.0.20/go.mod h1:2LSvCS9WdPVkCSYis9M+qVVHm/CVSnqgzM33gWFOCA=
github.com/matttproud/golang_protobuf_extensions v1.1.0 h1:X3kxM9awj+3GXLNEofFmZymIY5asNugfqcMjP6mBIk=
github.com/matttproud/golang_protobuf_extensions v1.1.0/go.mod h1:7AyVV3XmG89JwB/agE3owUxYBWvZsmqlYbNmIaUkJE=
github.com/davecgh/go-spew v1.1.1 h1:vj9j/33wvlfkMksUQe60BzFB6DR76sSAF0CP50cSVY=
github.com/davecgh/go-spew v1.1.1/go.mod h1:J7Y8YcW2NihsgmVo/mv3lAwl/skON4iLHjSsI+c5H8=
github.com/pmezard/go-difflib v1.0.0 h1:4DBwDE0NGyQoBHrz9XM7f2e9Ve0F3JQ3KZ+K8twBN8=
github.com/pmezard/go-difflib v1.0.0/go.mod h1:iKH77koFhYxTK1pcRnkGLp1M8LcZP3ksCEW73awK+Y=
github.com/beorn7/perks v1.0.1 h1:VlbKKohayGaB2C4NeqWQkQaq4dy5G7iMGZXeDAto/M=
github.com/beorn7/perks v1.0.1/go.mod h1:G2ZeRVWQaoNP+yE3e+7oJBn+7utI67o1WithM+zDfs=
github.com/prometheus/procfs v0.12.0 h1:jluTtNDzt0b+AqGmNjXNXLASixIrFY1mWbmeDXapqQ=
github.com/prometheus/procfs v0.12.0/go.mod h1:pcuDEFsWzvNY2RrB7PJWArc8uy7kVWhJrWBI6ScGW8=
github.com/prometheus/common v0.45.0 h1:TyWecAqgvbKm2EGV/ZNCTi6VGIyB4j+zY/1wlgoi0o=
github.com/prometheus/common v0.45.0/go.mod h1:aVsgQcEevwlmQ7qHE9I3h-sBxf8LzRzA987GfHQfPw=
go.uber.org/multierr v1.11.0 h1:blXXJkSGoesOQo0tnyx7+aBf360d8eclYBGkQbKLTo=
go.uber.org/multierr v1.11.0/go.mod h1:20+QtlOR+ZftiJxzMr+lddMka2t8cFi0eMeoZx7K7Y=
golang.org/x/net v0.19.0 h1:zTwKpTd2XuCqF8cnbbcNSKLaA2E4Xy/eInd+HjgCSM=
golang.org/x/net v0.19.0/go.mod h1:CfAk/cbD4CthTvqiO8kqKL+fVrFg7ahYXjRyoVf7kU=
golang.org/x/sys v0.15.0 h1:frVn1/7tSg52B+ONRrgCnrOXxB2lCWjkaVCrnNfrbc=
golang.org/x/sys v0.15.0/go.mod h1:oPkhp1MjuhygSnFLrrF5IraEn1Hb4pZxkt0XlvCYzo=
golang.org/x/text v0.14.0 h1:ScX5w1eTa3QqT8sDo6XMPJ7+z55nVWe2KqVC1RVjlo=
golang.org/x/text v0.14.0/go.mod h1:Njal3psP3ivEwnebk9MPUiGCI0wCfrCoJJNnLfaz/I=
google.golang.org/genproto v0.0.0-20231212172506-995eadf2412f h1:Qc5Z6qF+VxIkMvdqWQOXVy/+ulpDCfioFh5IBwc1kA=
google.golang.org/genproto v0.0.0-20231212172506-995eadf2412f/go.mod h1:l/ghbIlPwFj2p2kT1vBnULC3I6C9mQ2xMwNNrMUH80=
github.com/gin-contrib/sse v1.4.0 h1:Y1V8sSvic4f0rLQQSwCJL3APkUN2BJyRL05y3Z1T2E=
github.com/gin-contrib/sse v1.4.0/go.mod h1:NyWgC/yNuGj7Q9rpYRZvM5ijSsmkwmLKJj60NUV45Y=
github.com/go-playground/locales v0.14.1 h1:EWaQ/wswjilfKLTECiXz7Rh+3BjFhcdV4sSgkwrwA=
github.com/go-playground/locales v0.14.1/go.mod h1:hxrqLVvrK65+Rwrd5Fc6F2O76J/NuW9T0S5snMgpUI=
github.com/go-playground/universal-translator v0.18.1 h1:Dpl8zoOcB7cgLcwwbarIo0lAEYpOTjlbCsT5G8khsM=
github.com/go-playground/universal-translator v0.18.1/go.mod h1:xO0FLkIi5MJ+xM7qQCtz+aE3V3srikxn7z4xvuq6w4=
github.com/go-playground/validator/v10 v10.16.0 h1:x+DsneUVO+rrAmKkqJrBotMKlk+BT7rMnRTEUYwJN0=
github.com/go-playground/validator/v10 v10.16.0/go.mod h1:9iRZMotivzlSClW6rD6ZB8gd2eH9qZfwwOKlMio5aQ=
github.com/goccy/go-json v0.10.2 h1:CqExP4qksxmoLToContentJ+mdaIV72p7YcNnSrKbEg=
github.com/goccy/go-json v0.10.2/go.mod h1:6MelG93GURQsLFjJnd6Lml+noloQthDE2IV+86gklY=
github.com/json-iterator/go v1.1.12 h1:PV8peI4a0yS09DyWqYn9Fshir34V92/jfxDpS9q69E=
github.com/json-iterator/go v1.1.12/go.mod h1:e3IlAVfNqAllflbibO0n/9gkMyknCQSMwYDL8lniOI=
github.com/leodido/go-urn v1.2.4 h1:XlAE/cm/ms7TE/VMVoduSpNBoyc2dOxHUiPt5V0BcY=
github.com/leodido/go-urn v1.2.4/go.mod h1:7ZrI8mTSeBSHl/UaIrz7+ooNsZVrS/Tu+Nxb8tzFS=
github.com/modern-go/concurrent v0.0.0-20180306012644-bacd9c7ef1dd h1:TRLaZ9cD8/M8aFUwJ+L7wBB7m7k6D0W+TAkngWVzs8=
github.com/modern-go/concurrent v0.0.0-20180306012644-bacd9c7ef1dd/go.mod h1:6dJC0mAP4ikYjZQapV/JoVo+3nNmUvBe6RpK5UQcuE=
github.com/modern-go/reflect2 v1.0.2 h1:xBagoLtFs94CBntxluKeaWgTMpvLxC4ur3nMaC34Cc=
github.com/modern-go/reflect2 v1.0.2/go.mod h1:yWuevngMOJpCeKkxisEYk580cNIVwNwI5LEEcCgsqc=
github.com/pelletier/go-toml/v2 v2.1.0 h1:FnwAJ4oYMvbT/34k9sBwuP4V1w+JVU/3f9DgSol+s=
github.com/pelletier/go-toml/v2 v2.1.0/go.mod h1:tJU2Z3ZkXwnNkgS1gLAuxJVrAm6hs4Way9X7gbMQW0=
github.com/ugorji/go/codec v1.2.12 h1:9LC83zGQIPhKl72SzG50UqLrw3QnYiFehKrMLZOYyc=
github.com/ugorji/go/codec v1.2.12/go.mod h1:UNLnS2xFVRssLDKwbrIXgIv+1Aq3HUfn7+2F2dnEE=
gopkg.in/yaml.v3 v3.0.1 h1:fxVm/GzulhFknWhAEKOEv+34gxygjLtVQFbC0yGrNY=
gopkg.in/yaml.v3 v3.0.1/go.mod h1:K4uyk7z7BCEPmbH2L7F+WuLi49eVf5zLyDaF7/aeQ=
github.com/google/go-cmp v0.6.0 h1:ofyhxvXcZhMsNmxtngo2xvnNY1BA0/20Mir/8NulzE=
github.com/google/go-cmp v0.6.0/go.mod h1:p6ysmMsLc1IVkGkaqUe0XewnstTosCg8hvqqcILEjI=
github.com/nats-io/nkeys v0.4.7 h1:RwNJbbIdp8qA3DVTDdTWfm6q0De603sCv8YsxFnSvY=
github.com/nats-io/nkeys v0.4.7/go.mod h1:pk3BnD7L/oHMKh54vn9tPIPS2dF7SRwQxst/9a56+E=
github.com/nats-io/nuid v1.0.1 h1:5iA8DT8V7q8WK2EScv2padF6uVHwWFlvbErAscyTis=
github.com/nats-io/nuid v1.0.1/go.mod h1:19wcPz3Ph3q0lq6pwKEqhP9aw3M0tRBZiH9/AD+Vks=
golang.org/x/crypto v0.17.0 h1:ucvKlgJf59iBzLboVoiazUC4kRwZRHSO6+X6ZvLTo=
golang.org/x/crypto v0.17.0/go.mod h1:4ChreQoLWfG3xLDer1WdlH5NdFMVgteuqAekstfsKc=
